{
  "nodes": {
    "nix-darwin": {
      "inputs": {
        "nixpkgs": [
          "nixpkgs"
        ]
      },
      "locked": {
        "lastModified": 1726168587,
        "narHash": "sha256-4RdrCa1pldPyuEHXiN9MhMPCvkUObO517XqixSz064c=",
        "owner": "LnL7",
        "repo": "nix-darwin",
        "rev": "122ff62d68c9068706393001d5884b66bc0067c4",
        "type": "github"
      },
      "original": {
        "owner": "LnL7",
        "ref": "master",
        "repo": "nix-darwin",
        "type": "github"
      }
    },
    "nixpkgs": {
      "locked": {
        "lastModified": 1727752810,
        "narHash": "sha256-0REf4/tZtGCbau4RsbaiLd+VNeajH78X5wY0Uj5VdP0=",
        "owner": "NixOS",
        "repo": "nixpkgs",
        "rev": "b2dd9cd1e1b7cafb7d380ed9357e005ae1773f6c",
        "type": "github"
      },
      "original": {
        "owner": "NixOS",
        "ref": "master",
        "repo": "nixpkgs",
        "type": "github"
      }
    },
    "root": {
      "inputs": {
        "nix-darwin": "nix-darwin",
        "nixpkgs": "nixpkgs"
      }
    }
  },
  "root": "root",
  "version": 7
}
